
Microsoft Visual Studio Solution File, Format Version 12.00
# Visual Studio 15
VisualStudioVersion = 15.0.28010.2016
MinimumVisualStudioVersion = 10.0.40219.1
Project("{FAE04EC0-301F-11D3-BF4B-00C04F79EFBC}") = "HTTPClientTest", "HTTPClientTest\HTTPClientTest.csproj", "{4C05BDE0-2253-4CB6-8E91-82B9C24785B9}"
EndProject
Global
	GlobalSection(SolutionConfigurationPlatforms) = preSolution
		Debug|Any CPU = Debug|Any CPU
		Release|Any CPU = Release|Any CPU
	EndGlobalSection
	GlobalSection(ProjectConfigurationPlatforms) = postSolution
		{4C05BDE0-2253-4CB6-8E91-82B9C24785B9}.Debug|Any CPU.ActiveCfg = Debug|Any CPU
		{4C05BDE0-2253-4CB6-8E91-82B9C24785B9}.Debug|Any CPU.Build.0 = Debug|Any CPU
		{4C05BDE0-2253-4CB6-8E91-82B9C24785B9}.Release|Any CPU.ActiveCfg = Release|Any CPU
		{4C05BDE0-2253-4CB6-8E91-82B9C24785B9}.Release|Any CPU.Build.0 = Release|Any CPU
	EndGlobalSection
	GlobalSection(SolutionProperties) = preSolution
		HideSolutionNode = FALSE
	EndGlobalSection
	GlobalSection(ExtensibilityGlobals) = postSolution
		SolutionGuid = {AD06CF66-9E85-47EF-8694-188EA7D58693}
	EndGlobalSection
EndGlobal
